# This file is automatically @generated by Poetry 1.8.3 and should not be changed by hand.

[[package]]
name = "pybind11"
version = "2.13.1"
description = "Seamless operability between C++11 and Python"
optional = false
python-versions = ">=3.7"
files = [
    {file = "pybind11-2.13.1-py3-none-any.whl", hash = "sha256:97881536abe0cd4260a9ccc5bf6d1cf3113318f08af1feb82d4b9f95e93f0aa4"},
    {file = "pybind11-2.13.1.tar.gz", hash = "sha256:65be498b1cac516161add1508e65375674916bebf2570d057dc9c3c7bcbbc7b0"},
]

[package.extras]
global = ["pybind11-global (==2.13.1)"]

[[package]]
name = "pybind11-stubgen"
version = "0.16.2"
description = "PEP 561 type stubs generator for pybind11 modules"
optional = false
python-versions = "*"
files = [
    {file = "pybind11-stubgen-0.16.2.tar.gz", hash = "sha256:355f5fd033793294e7123a7964f67cd5e0789d0a5e629ab4a60961cb3d5bb8aa"},
    {file = "pybind11_stubgen-0.16.2-py3-none-any.whl", hash = "sha256:92fb23454d3b2a1be318c0dfcf59489099bfb8681d6d080a49634be1ffdea046"},
]

[metadata]
lock-version = "2.0"
python-versions = ">=3.10"
content-hash = "45a018184c04497fd36b8181c6e43c95fd540698faa0864e19f2542d5155d660"
